
Microsoft Visual Studio Solution File, Format Version 12.00
# Visual Studio 14
VisualStudioVersion = 14.0.25420.1
MinimumVisualStudioVersion = 10.0.40219.1
Project("{2150E333-8FDC-42A3-9474-1A3956D46DE8}") = "DataStructures", "DataStructures", "{A7109CB9-486E-40DE-8FD2-BF430B1D4BBC}"
EndProject
Project("{2150E333-8FDC-42A3-9474-1A3956D46DE8}") = "Algorithm", "Algorithm", "{932AD7F0-70FC-4ECB-87DA-17451187C367}"
EndProject
Project("{2150E333-8FDC-42A3-9474-1A3956D46DE8}") = "Security", "Security", "{3E0ACB0C-F068-4912-AE9F-9FC0E94B2C0D}"
EndProject
Project("{FAE04EC0-301F-11D3-BF4B-00C04F79EFBC}") = "HRC.Security.CSharp", "Security\HRC.Security.CSharp\HRC.Security.CSharp.csproj", "{9FC06576-9D7C-46A6-8A7C-6B69194F86B3}"
EndProject
Project("{FAE04EC0-301F-11D3-BF4B-00C04F79EFBC}") = "HRC.Algorithm.CSharp", "Algorithm\HRC.Algorithm.CSharp\HRC.Algorithm.CSharp.csproj", "{1932A02A-26BA-4390-BB19-52452C87A0EA}"
EndProject
Project("{FAE04EC0-301F-11D3-BF4B-00C04F79EFBC}") = "HRC.DataStructures.CSharp", "DataStructures\HRC.DataStructures.CSharp\HRC.DataStructures.CSharp.csproj", "{C7EADAE3-05C1-4EDE-B943-1DCAC8821F2C}"
EndProject
Project("{2150E333-8FDC-42A3-9474-1A3956D46DE8}") = "30DaysCode", "30DaysCode", "{FC3595F0-8D04-4ECE-BF13-651B137B82D6}"
EndProject
Project("{FAE04EC0-301F-11D3-BF4B-00C04F79EFBC}") = "HRC.Code30Days", "30DaysCode\HRC.30DaysCode\HRC.Code30Days.csproj", "{1CBC5649-C97E-46CF-83A8-DD0BFB24776E}"
EndProject
Global
	GlobalSection(SolutionConfigurationPlatforms) = preSolution
		Debug|Any CPU = Debug|Any CPU
		Release|Any CPU = Release|Any CPU
	EndGlobalSection
	GlobalSection(ProjectConfigurationPlatforms) = postSolution
		{9FC06576-9D7C-46A6-8A7C-6B69194F86B3}.Debug|Any CPU.ActiveCfg = Debug|Any CPU
		{9FC06576-9D7C-46A6-8A7C-6B69194F86B3}.Debug|Any CPU.Build.0 = Debug|Any CPU
		{9FC06576-9D7C-46A6-8A7C-6B69194F86B3}.Release|Any CPU.ActiveCfg = Release|Any CPU
		{9FC06576-9D7C-46A6-8A7C-6B69194F86B3}.Release|Any CPU.Build.0 = Release|Any CPU
		{1932A02A-26BA-4390-BB19-52452C87A0EA}.Debug|Any CPU.ActiveCfg = Debug|Any CPU
		{1932A02A-26BA-4390-BB19-52452C87A0EA}.Debug|Any CPU.Build.0 = Debug|Any CPU
		{1932A02A-26BA-4390-BB19-52452C87A0EA}.Release|Any CPU.ActiveCfg = Release|Any CPU
		{1932A02A-26BA-4390-BB19-52452C87A0EA}.Release|Any CPU.Build.0 = Release|Any CPU
		{C7EADAE3-05C1-4EDE-B943-1DCAC8821F2C}.Debug|Any CPU.ActiveCfg = Debug|Any CPU
		{C7EADAE3-05C1-4EDE-B943-1DCAC8821F2C}.Debug|Any CPU.Build.0 = Debug|Any CPU
		{C7EADAE3-05C1-4EDE-B943-1DCAC8821F2C}.Release|Any CPU.ActiveCfg = Release|Any CPU
		{C7EADAE3-05C1-4EDE-B943-1DCAC8821F2C}.Release|Any CPU.Build.0 = Release|Any CPU
		{1CBC5649-C97E-46CF-83A8-DD0BFB24776E}.Debug|Any CPU.ActiveCfg = Debug|Any CPU
		{1CBC5649-C97E-46CF-83A8-DD0BFB24776E}.Debug|Any CPU.Build.0 = Debug|Any CPU
		{1CBC5649-C97E-46CF-83A8-DD0BFB24776E}.Release|Any CPU.ActiveCfg = Release|Any CPU
		{1CBC5649-C97E-46CF-83A8-DD0BFB24776E}.Release|Any CPU.Build.0 = Release|Any CPU
	EndGlobalSection
	GlobalSection(SolutionProperties) = preSolution
		HideSolutionNode = FALSE
	EndGlobalSection
	GlobalSection(NestedProjects) = preSolution
		{9FC06576-9D7C-46A6-8A7C-6B69194F86B3} = {3E0ACB0C-F068-4912-AE9F-9FC0E94B2C0D}
		{1932A02A-26BA-4390-BB19-52452C87A0EA} = {932AD7F0-70FC-4ECB-87DA-17451187C367}
		{C7EADAE3-05C1-4EDE-B943-1DCAC8821F2C} = {A7109CB9-486E-40DE-8FD2-BF430B1D4BBC}
		{1CBC5649-C97E-46CF-83A8-DD0BFB24776E} = {FC3595F0-8D04-4ECE-BF13-651B137B82D6}
	EndGlobalSection
EndGlobal
